
Microsoft Visual Studio Solution File, Format Version 12.00
# Visual Studio 15
VisualStudioVersion = 15.0.28010.2026
MinimumVisualStudioVersion = 10.0.40219.1
Project("{FAE04EC0-301F-11D3-BF4B-00C04F79EFBC}") = "cyberscript", "cyberscript\cyberscript.csproj", "{386C8057-1758-4A2B-B38D-4EF0054A403E}"
EndProject
Project("{FAE04EC0-301F-11D3-BF4B-00C04F79EFBC}") = "bpp", "bpp\bpp.csproj", "{54CD481A-BD10-4202-B212-4C4FF574814A}"
EndProject
Project("{FAE04EC0-301F-11D3-BF4B-00C04F79EFBC}") = "bpp_compiled", "bpp_compiled\bpp_compiled.csproj", "{FF37FEAC-941C-4425-AE5F-D8FB0EF34B94}"
EndProject
Project("{FAE04EC0-301F-11D3-BF4B-00C04F79EFBC}") = "bpp_env", "bpp_env\bpp_env.csproj", "{96CCF0D3-C328-452B-B42D-BE0AAFBAA91E}"
EndProject
Project("{FAE04EC0-301F-11D3-BF4B-00C04F79EFBC}") = "bpp_bpp", "bpp_bpp\bpp_bpp.csproj", "{0F2E2A37-1221-44AB-979D-83D11236D34C}"
EndProject
Project("{2150E333-8FDC-42A3-9474-1A3956D46DE8}") = "CyberScriptModules", "CyberScriptModules", "{18B245C2-1517-404C-8482-7BABA1E96F77}"
EndProject
Project("{2150E333-8FDC-42A3-9474-1A3956D46DE8}") = "secpol", "secpol", "{E6165ED7-EE5F-4EB3-87BA-B264679DBE1D}"
EndProject
Project("{FAE04EC0-301F-11D3-BF4B-00C04F79EFBC}") = "secpol", "secpol\secpol.csproj", "{C795891B-64DE-4545-B435-07D6A6007EF6}"
EndProject
Project("{FAE04EC0-301F-11D3-BF4B-00C04F79EFBC}") = "cs_secpol", "cs_secpol\cs_secpol.csproj", "{9297D93B-01EF-4D32-AE2C-E17F71DB2ABE}"
EndProject
Project("{2150E333-8FDC-42A3-9474-1A3956D46DE8}") = "firewall", "firewall", "{7E3DEA25-A3AD-43C3-A74A-18A13FE670B6}"
EndProject
Project("{FAE04EC0-301F-11D3-BF4B-00C04F79EFBC}") = "cs_firewall", "cs_firewall\cs_firewall.csproj", "{EBFB68F7-222F-4FA4-AC6B-73BDEB1BB5C5}"
EndProject
Project("{FAE04EC0-301F-11D3-BF4B-00C04F79EFBC}") = "firewall", "firewall\firewall.csproj", "{9D99336A-7EDA-49E4-86A0-267EFB303319}"
EndProject
Project("{2150E333-8FDC-42A3-9474-1A3956D46DE8}") = "services", "services", "{87361854-DB6D-4E15-BB60-B2C0E3AF5EE7}"
EndProject
Project("{FAE04EC0-301F-11D3-BF4B-00C04F79EFBC}") = "services", "services\services.csproj", "{00F17015-CC9E-452B-BC06-2A80AC127DC4}"
EndProject
Project("{FAE04EC0-301F-11D3-BF4B-00C04F79EFBC}") = "cs_service_scan", "cs_service_scan\cs_service_scan.csproj", "{D156A78B-BC8B-406B-9961-474A3EC05921}"
EndProject
Project("{FAE04EC0-301F-11D3-BF4B-00C04F79EFBC}") = "cs_service_manage", "cs_service_manage\cs_service_manage.csproj", "{F5F6D646-4557-4C89-BD54-BBC2E3B2DFA7}"
EndProject
Global
	GlobalSection(SolutionConfigurationPlatforms) = preSolution
		Debug|Any CPU = Debug|Any CPU
		Release|Any CPU = Release|Any CPU
	EndGlobalSection
	GlobalSection(ProjectConfigurationPlatforms) = postSolution
		{386C8057-1758-4A2B-B38D-4EF0054A403E}.Debug|Any CPU.ActiveCfg = Debug|Any CPU
		{386C8057-1758-4A2B-B38D-4EF0054A403E}.Debug|Any CPU.Build.0 = Debug|Any CPU
		{386C8057-1758-4A2B-B38D-4EF0054A403E}.Release|Any CPU.ActiveCfg = Release|Any CPU
		{386C8057-1758-4A2B-B38D-4EF0054A403E}.Release|Any CPU.Build.0 = Release|Any CPU
		{54CD481A-BD10-4202-B212-4C4FF574814A}.Debug|Any CPU.ActiveCfg = Debug|Any CPU
		{54CD481A-BD10-4202-B212-4C4FF574814A}.Debug|Any CPU.Build.0 = Debug|Any CPU
		{54CD481A-BD10-4202-B212-4C4FF574814A}.Release|Any CPU.ActiveCfg = Release|Any CPU
		{54CD481A-BD10-4202-B212-4C4FF574814A}.Release|Any CPU.Build.0 = Release|Any CPU
		{FF37FEAC-941C-4425-AE5F-D8FB0EF34B94}.Debug|Any CPU.ActiveCfg = Debug|Any CPU
		{FF37FEAC-941C-4425-AE5F-D8FB0EF34B94}.Debug|Any CPU.Build.0 = Debug|Any CPU
		{FF37FEAC-941C-4425-AE5F-D8FB0EF34B94}.Release|Any CPU.ActiveCfg = Release|Any CPU
		{FF37FEAC-941C-4425-AE5F-D8FB0EF34B94}.Release|Any CPU.Build.0 = Release|Any CPU
		{96CCF0D3-C328-452B-B42D-BE0AAFBAA91E}.Debug|Any CPU.ActiveCfg = Debug|Any CPU
		{96CCF0D3-C328-452B-B42D-BE0AAFBAA91E}.Debug|Any CPU.Build.0 = Debug|Any CPU
		{96CCF0D3-C328-452B-B42D-BE0AAFBAA91E}.Release|Any CPU.ActiveCfg = Release|Any CPU
		{96CCF0D3-C328-452B-B42D-BE0AAFBAA91E}.Release|Any CPU.Build.0 = Release|Any CPU
		{0F2E2A37-1221-44AB-979D-83D11236D34C}.Debug|Any CPU.ActiveCfg = Debug|Any CPU
		{0F2E2A37-1221-44AB-979D-83D11236D34C}.Debug|Any CPU.Build.0 = Debug|Any CPU
		{0F2E2A37-1221-44AB-979D-83D11236D34C}.Release|Any CPU.ActiveCfg = Release|Any CPU
		{0F2E2A37-1221-44AB-979D-83D11236D34C}.Release|Any CPU.Build.0 = Release|Any CPU
		{C795891B-64DE-4545-B435-07D6A6007EF6}.Debug|Any CPU.ActiveCfg = Debug|Any CPU
		{C795891B-64DE-4545-B435-07D6A6007EF6}.Debug|Any CPU.Build.0 = Debug|Any CPU
		{C795891B-64DE-4545-B435-07D6A6007EF6}.Release|Any CPU.ActiveCfg = Release|Any CPU
		{C795891B-64DE-4545-B435-07D6A6007EF6}.Release|Any CPU.Build.0 = Release|Any CPU
		{9297D93B-01EF-4D32-AE2C-E17F71DB2ABE}.Debug|Any CPU.ActiveCfg = Debug|Any CPU
		{9297D93B-01EF-4D32-AE2C-E17F71DB2ABE}.Debug|Any CPU.Build.0 = Debug|Any CPU
		{9297D93B-01EF-4D32-AE2C-E17F71DB2ABE}.Release|Any CPU.ActiveCfg = Release|Any CPU
		{9297D93B-01EF-4D32-AE2C-E17F71DB2ABE}.Release|Any CPU.Build.0 = Release|Any CPU
		{EBFB68F7-222F-4FA4-AC6B-73BDEB1BB5C5}.Debug|Any CPU.ActiveCfg = Debug|Any CPU
		{EBFB68F7-222F-4FA4-AC6B-73BDEB1BB5C5}.Debug|Any CPU.Build.0 = Debug|Any CPU
		{EBFB68F7-222F-4FA4-AC6B-73BDEB1BB5C5}.Release|Any CPU.ActiveCfg = Release|Any CPU
		{EBFB68F7-222F-4FA4-AC6B-73BDEB1BB5C5}.Release|Any CPU.Build.0 = Release|Any CPU
		{9D99336A-7EDA-49E4-86A0-267EFB303319}.Debug|Any CPU.ActiveCfg = Debug|Any CPU
		{9D99336A-7EDA-49E4-86A0-267EFB303319}.Debug|Any CPU.Build.0 = Debug|Any CPU
		{9D99336A-7EDA-49E4-86A0-267EFB303319}.Release|Any CPU.ActiveCfg = Release|Any CPU
		{9D99336A-7EDA-49E4-86A0-267EFB303319}.Release|Any CPU.Build.0 = Release|Any CPU
		{00F17015-CC9E-452B-BC06-2A80AC127DC4}.Debug|Any CPU.ActiveCfg = Debug|Any CPU
		{00F17015-CC9E-452B-BC06-2A80AC127DC4}.Debug|Any CPU.Build.0 = Debug|Any CPU
		{00F17015-CC9E-452B-BC06-2A80AC127DC4}.Release|Any CPU.ActiveCfg = Release|Any CPU
		{00F17015-CC9E-452B-BC06-2A80AC127DC4}.Release|Any CPU.Build.0 = Release|Any CPU
		{D156A78B-BC8B-406B-9961-474A3EC05921}.Debug|Any CPU.ActiveCfg = Debug|Any CPU
		{D156A78B-BC8B-406B-9961-474A3EC05921}.Debug|Any CPU.Build.0 = Debug|Any CPU
		{D156A78B-BC8B-406B-9961-474A3EC05921}.Release|Any CPU.ActiveCfg = Release|Any CPU
		{D156A78B-BC8B-406B-9961-474A3EC05921}.Release|Any CPU.Build.0 = Release|Any CPU
		{F5F6D646-4557-4C89-BD54-BBC2E3B2DFA7}.Debug|Any CPU.ActiveCfg = Debug|Any CPU
		{F5F6D646-4557-4C89-BD54-BBC2E3B2DFA7}.Debug|Any CPU.Build.0 = Debug|Any CPU
		{F5F6D646-4557-4C89-BD54-BBC2E3B2DFA7}.Release|Any CPU.ActiveCfg = Release|Any CPU
		{F5F6D646-4557-4C89-BD54-BBC2E3B2DFA7}.Release|Any CPU.Build.0 = Release|Any CPU
	EndGlobalSection
	GlobalSection(SolutionProperties) = preSolution
		HideSolutionNode = FALSE
	EndGlobalSection
	GlobalSection(NestedProjects) = preSolution
		{E6165ED7-EE5F-4EB3-87BA-B264679DBE1D} = {18B245C2-1517-404C-8482-7BABA1E96F77}
		{C795891B-64DE-4545-B435-07D6A6007EF6} = {E6165ED7-EE5F-4EB3-87BA-B264679DBE1D}
		{9297D93B-01EF-4D32-AE2C-E17F71DB2ABE} = {E6165ED7-EE5F-4EB3-87BA-B264679DBE1D}
		{7E3DEA25-A3AD-43C3-A74A-18A13FE670B6} = {18B245C2-1517-404C-8482-7BABA1E96F77}
		{EBFB68F7-222F-4FA4-AC6B-73BDEB1BB5C5} = {7E3DEA25-A3AD-43C3-A74A-18A13FE670B6}
		{9D99336A-7EDA-49E4-86A0-267EFB303319} = {7E3DEA25-A3AD-43C3-A74A-18A13FE670B6}
		{87361854-DB6D-4E15-BB60-B2C0E3AF5EE7} = {18B245C2-1517-404C-8482-7BABA1E96F77}
		{00F17015-CC9E-452B-BC06-2A80AC127DC4} = {87361854-DB6D-4E15-BB60-B2C0E3AF5EE7}
		{D156A78B-BC8B-406B-9961-474A3EC05921} = {87361854-DB6D-4E15-BB60-B2C0E3AF5EE7}
		{F5F6D646-4557-4C89-BD54-BBC2E3B2DFA7} = {87361854-DB6D-4E15-BB60-B2C0E3AF5EE7}
	EndGlobalSection
	GlobalSection(ExtensibilityGlobals) = postSolution
		SolutionGuid = {7F0810AB-7B2F-4546-B5F3-085DD3BCC3F1}
	EndGlobalSection
EndGlobal
