
Microsoft Visual Studio Solution File, Format Version 12.00
# Visual Studio 15
VisualStudioVersion = 15.0.28010.2026
MinimumVisualStudioVersion = 10.0.40219.1
Project("{FAE04EC0-301F-11D3-BF4B-00C04F79EFBC}") = "cyberscript", "cyberscript\cyberscript.csproj", "{386C8057-1758-4A2B-B38D-4EF0054A403E}"
EndProject
Project("{FAE04EC0-301F-11D3-BF4B-00C04F79EFBC}") = "bpp", "bpp\bpp.csproj", "{54CD481A-BD10-4202-B212-4C4FF574814A}"
EndProject
Project("{FAE04EC0-301F-11D3-BF4B-00C04F79EFBC}") = "bpp_compiled", "bpp_compiled\bpp_compiled.csproj", "{FF37FEAC-941C-4425-AE5F-D8FB0EF34B94}"
EndProject
Project("{FAE04EC0-301F-11D3-BF4B-00C04F79EFBC}") = "bpp_env", "bpp_env\bpp_env.csproj", "{96CCF0D3-C328-452B-B42D-BE0AAFBAA91E}"
EndProject
Project("{FAE04EC0-301F-11D3-BF4B-00C04F79EFBC}") = "bpp_bpp", "bpp_bpp\bpp_bpp.csproj", "{0F2E2A37-1221-44AB-979D-83D11236D34C}"
EndProject
Global
	GlobalSection(SolutionConfigurationPlatforms) = preSolution
		Debug|Any CPU = Debug|Any CPU
		Release|Any CPU = Release|Any CPU
	EndGlobalSection
	GlobalSection(ProjectConfigurationPlatforms) = postSolution
		{386C8057-1758-4A2B-B38D-4EF0054A403E}.Debug|Any CPU.ActiveCfg = Debug|Any CPU
		{386C8057-1758-4A2B-B38D-4EF0054A403E}.Debug|Any CPU.Build.0 = Debug|Any CPU
		{386C8057-1758-4A2B-B38D-4EF0054A403E}.Release|Any CPU.ActiveCfg = Release|Any CPU
		{386C8057-1758-4A2B-B38D-4EF0054A403E}.Release|Any CPU.Build.0 = Release|Any CPU
		{54CD481A-BD10-4202-B212-4C4FF574814A}.Debug|Any CPU.ActiveCfg = Debug|Any CPU
		{54CD481A-BD10-4202-B212-4C4FF574814A}.Debug|Any CPU.Build.0 = Debug|Any CPU
		{54CD481A-BD10-4202-B212-4C4FF574814A}.Release|Any CPU.ActiveCfg = Release|Any CPU
		{54CD481A-BD10-4202-B212-4C4FF574814A}.Release|Any CPU.Build.0 = Release|Any CPU
		{FF37FEAC-941C-4425-AE5F-D8FB0EF34B94}.Debug|Any CPU.ActiveCfg = Debug|Any CPU
		{FF37FEAC-941C-4425-AE5F-D8FB0EF34B94}.Debug|Any CPU.Build.0 = Debug|Any CPU
		{FF37FEAC-941C-4425-AE5F-D8FB0EF34B94}.Release|Any CPU.ActiveCfg = Release|Any CPU
		{FF37FEAC-941C-4425-AE5F-D8FB0EF34B94}.Release|Any CPU.Build.0 = Release|Any CPU
		{96CCF0D3-C328-452B-B42D-BE0AAFBAA91E}.Debug|Any CPU.ActiveCfg = Debug|Any CPU
		{96CCF0D3-C328-452B-B42D-BE0AAFBAA91E}.Debug|Any CPU.Build.0 = Debug|Any CPU
		{96CCF0D3-C328-452B-B42D-BE0AAFBAA91E}.Release|Any CPU.ActiveCfg = Release|Any CPU
		{96CCF0D3-C328-452B-B42D-BE0AAFBAA91E}.Release|Any CPU.Build.0 = Release|Any CPU
		{0F2E2A37-1221-44AB-979D-83D11236D34C}.Debug|Any CPU.ActiveCfg = Debug|Any CPU
		{0F2E2A37-1221-44AB-979D-83D11236D34C}.Debug|Any CPU.Build.0 = Debug|Any CPU
		{0F2E2A37-1221-44AB-979D-83D11236D34C}.Release|Any CPU.ActiveCfg = Release|Any CPU
		{0F2E2A37-1221-44AB-979D-83D11236D34C}.Release|Any CPU.Build.0 = Release|Any CPU
	EndGlobalSection
	GlobalSection(SolutionProperties) = preSolution
		HideSolutionNode = FALSE
	EndGlobalSection
	GlobalSection(ExtensibilityGlobals) = postSolution
		SolutionGuid = {7F0810AB-7B2F-4546-B5F3-085DD3BCC3F1}
	EndGlobalSection
EndGlobal
